
Microsoft Visual Studio Solution File, Format Version 12.00
# Visual Studio 15
VisualStudioVersion = 15.0.27130.2010
MinimumVisualStudioVersion = 10.0.40219.1
Project("{9A19103F-16F7-4668-BE54-9A1E7A4F7556}") = "FileUploadAngular5WithAsp.NetCore", "HowToStartAngularWith.NetCore\FileUploadAngular5WithAsp.NetCore.csproj", "{EBC27B5C-0F30-4E48-99F9-0E080AD24416}"
EndProject
Global
	GlobalSection(SolutionConfigurationPlatforms) = preSolution
		Debug|Any CPU = Debug|Any CPU
		Release|Any CPU = Release|Any CPU
	EndGlobalSection
	GlobalSection(ProjectConfigurationPlatforms) = postSolution
		{EBC27B5C-0F30-4E48-99F9-0E080AD24416}.Debug|Any CPU.ActiveCfg = Debug|Any CPU
		{EBC27B5C-0F30-4E48-99F9-0E080AD24416}.Debug|Any CPU.Build.0 = Debug|Any CPU
		{EBC27B5C-0F30-4E48-99F9-0E080AD24416}.Release|Any CPU.ActiveCfg = Release|Any CPU
		{EBC27B5C-0F30-4E48-99F9-0E080AD24416}.Release|Any CPU.Build.0 = Release|Any CPU
	EndGlobalSection
	GlobalSection(SolutionProperties) = preSolution
		HideSolutionNode = FALSE
	EndGlobalSection
	GlobalSection(ExtensibilityGlobals) = postSolution
		SolutionGuid = {8A5804D9-0D0C-4874-96CC-37CA22ABEBC0}
	EndGlobalSection
EndGlobal
